
Microsoft Visual Studio Solution File, Format Version 12.00
# Visual Studio Version 16
VisualStudioVersion = 16.0.30320.27
MinimumVisualStudioVersion = 10.0.40219.1
Project("{FAE04EC0-301F-11D3-BF4B-00C04F79EFBC}") = "SalesWebMvc", "SalesWebMvc\SalesWebMvc.csproj", "{579086AB-9AA3-48C7-9292-749D445CA0CB}"
EndProject
Global
	GlobalSection(SolutionConfigurationPlatforms) = preSolution
		Debug|Any CPU = Debug|Any CPU
		Release|Any CPU = Release|Any CPU
	EndGlobalSection
	GlobalSection(ProjectConfigurationPlatforms) = postSolution
		{579086AB-9AA3-48C7-9292-749D445CA0CB}.Debug|Any CPU.ActiveCfg = Debug|Any CPU
		{579086AB-9AA3-48C7-9292-749D445CA0CB}.Debug|Any CPU.Build.0 = Debug|Any CPU
		{579086AB-9AA3-48C7-9292-749D445CA0CB}.Release|Any CPU.ActiveCfg = Release|Any CPU
		{579086AB-9AA3-48C7-9292-749D445CA0CB}.Release|Any CPU.Build.0 = Release|Any CPU
	EndGlobalSection
	GlobalSection(SolutionProperties) = preSolution
		HideSolutionNode = FALSE
	EndGlobalSection
	GlobalSection(ExtensibilityGlobals) = postSolution
		SolutionGuid = {24CE35FB-3175-4337-BE29-827B6A2D0E02}
	EndGlobalSection
EndGlobal
